
Microsoft Visual Studio Solution File, Format Version 12.00
# Visual Studio 14
VisualStudioVersion = 14.0.25420.1
MinimumVisualStudioVersion = 10.0.40219.1
Project("{CC5FD16D-436D-48AD-A40C-5A424C6E3E79}") = "CloudProject.NET", "CloudProject.NET\CloudProject.NET.ccproj", "{A7B3FA0B-D508-41D4-BDF8-F073F4580526}"
EndProject
Project("{FAE04EC0-301F-11D3-BF4B-00C04F79EFBC}") = "LetsRunWeb", "LetsRunWeb\LetsRunWeb.csproj", "{00A6C3BA-4CB8-45E9-A56D-7563540FBEE4}"
EndProject
Project("{FAE04EC0-301F-11D3-BF4B-00C04F79EFBC}") = "LetsRunWCF", "LetsRunWCF\LetsRunWCF.csproj", "{737534D5-DAF6-404F-AFCC-7E2CB7B67D6C}"
EndProject
Project("{FAE04EC0-301F-11D3-BF4B-00C04F79EFBC}") = "LetsRunCalc", "LetsRunCalc\LetsRunCalc.csproj", "{A830C1B1-FD18-46CF-A8D0-716A3E6C57C6}"
EndProject
Global
	GlobalSection(SolutionConfigurationPlatforms) = preSolution
		Debug|Any CPU = Debug|Any CPU
		Release|Any CPU = Release|Any CPU
	EndGlobalSection
	GlobalSection(ProjectConfigurationPlatforms) = postSolution
		{A7B3FA0B-D508-41D4-BDF8-F073F4580526}.Debug|Any CPU.ActiveCfg = Debug|Any CPU
		{A7B3FA0B-D508-41D4-BDF8-F073F4580526}.Debug|Any CPU.Build.0 = Debug|Any CPU
		{A7B3FA0B-D508-41D4-BDF8-F073F4580526}.Release|Any CPU.ActiveCfg = Release|Any CPU
		{A7B3FA0B-D508-41D4-BDF8-F073F4580526}.Release|Any CPU.Build.0 = Release|Any CPU
		{00A6C3BA-4CB8-45E9-A56D-7563540FBEE4}.Debug|Any CPU.ActiveCfg = Debug|Any CPU
		{00A6C3BA-4CB8-45E9-A56D-7563540FBEE4}.Debug|Any CPU.Build.0 = Debug|Any CPU
		{00A6C3BA-4CB8-45E9-A56D-7563540FBEE4}.Release|Any CPU.ActiveCfg = Release|Any CPU
		{00A6C3BA-4CB8-45E9-A56D-7563540FBEE4}.Release|Any CPU.Build.0 = Release|Any CPU
		{737534D5-DAF6-404F-AFCC-7E2CB7B67D6C}.Debug|Any CPU.ActiveCfg = Debug|Any CPU
		{737534D5-DAF6-404F-AFCC-7E2CB7B67D6C}.Debug|Any CPU.Build.0 = Debug|Any CPU
		{737534D5-DAF6-404F-AFCC-7E2CB7B67D6C}.Release|Any CPU.ActiveCfg = Release|Any CPU
		{737534D5-DAF6-404F-AFCC-7E2CB7B67D6C}.Release|Any CPU.Build.0 = Release|Any CPU
		{A830C1B1-FD18-46CF-A8D0-716A3E6C57C6}.Debug|Any CPU.ActiveCfg = Debug|Any CPU
		{A830C1B1-FD18-46CF-A8D0-716A3E6C57C6}.Debug|Any CPU.Build.0 = Debug|Any CPU
		{A830C1B1-FD18-46CF-A8D0-716A3E6C57C6}.Release|Any CPU.ActiveCfg = Release|Any CPU
		{A830C1B1-FD18-46CF-A8D0-716A3E6C57C6}.Release|Any CPU.Build.0 = Release|Any CPU
	EndGlobalSection
	GlobalSection(SolutionProperties) = preSolution
		HideSolutionNode = FALSE
	EndGlobalSection
EndGlobal
